
Microsoft Visual Studio Solution File, Format Version 12.00
# Visual Studio Version 17
VisualStudioVersion = 17.8.34525.116
MinimumVisualStudioVersion = 10.0.40219.1
Project("{FAE04EC0-301F-11D3-BF4B-00C04F79EFBC}") = "ToDoListe2", "ToDoListe2\ToDoListe2.csproj", "{35D18A66-3F4E-4016-B57C-431133709BD0}"
EndProject
Global
	GlobalSection(SolutionConfigurationPlatforms) = preSolution
		Debug|Any CPU = Debug|Any CPU
		Release|Any CPU = Release|Any CPU
	EndGlobalSection
	GlobalSection(ProjectConfigurationPlatforms) = postSolution
		{35D18A66-3F4E-4016-B57C-431133709BD0}.Debug|Any CPU.ActiveCfg = Debug|Any CPU
		{35D18A66-3F4E-4016-B57C-431133709BD0}.Debug|Any CPU.Build.0 = Debug|Any CPU
		{35D18A66-3F4E-4016-B57C-431133709BD0}.Release|Any CPU.ActiveCfg = Release|Any CPU
		{35D18A66-3F4E-4016-B57C-431133709BD0}.Release|Any CPU.Build.0 = Release|Any CPU
	EndGlobalSection
	GlobalSection(SolutionProperties) = preSolution
		HideSolutionNode = FALSE
	EndGlobalSection
	GlobalSection(ExtensibilityGlobals) = postSolution
		SolutionGuid = {35545C72-CD70-4D99-B065-78D92179CD38}
	EndGlobalSection
EndGlobal
